
Microsoft Visual Studio Solution File, Format Version 12.00
# Visual Studio Version 18
VisualStudioVersion = 18.4.11620.152 stable
MinimumVisualStudioVersion = 10.0.40219.1
Project("{FAE04EC0-301F-11D3-BF4B-00C04F79EFBC}") = "DriveInsight", "DriveInsight.csproj", "{5CCF175F-F821-44D5-AE7D-460303C1C24D}"
EndProject
Global
	GlobalSection(SolutionConfigurationPlatforms) = preSolution
		Debug|Any CPU = Debug|Any CPU
		Release|Any CPU = Release|Any CPU
	EndGlobalSection
	GlobalSection(ProjectConfigurationPlatforms) = postSolution
		{5CCF175F-F821-44D5-AE7D-460303C1C24D}.Debug|Any CPU.ActiveCfg = Debug|Any CPU
		{5CCF175F-F821-44D5-AE7D-460303C1C24D}.Debug|Any CPU.Build.0 = Debug|Any CPU
		{5CCF175F-F821-44D5-AE7D-460303C1C24D}.Release|Any CPU.ActiveCfg = Release|Any CPU
		{5CCF175F-F821-44D5-AE7D-460303C1C24D}.Release|Any CPU.Build.0 = Release|Any CPU
	EndGlobalSection
	GlobalSection(SolutionProperties) = preSolution
		HideSolutionNode = FALSE
	EndGlobalSection
	GlobalSection(ExtensibilityGlobals) = postSolution
		SolutionGuid = {E4CC169C-3471-4533-AB24-FEE019BCE6EC}
	EndGlobalSection
EndGlobal
